
Microsoft Visual Studio Solution File, Format Version 12.00
# Visual Studio Version 16
VisualStudioVersion = 16.0.31605.320
MinimumVisualStudioVersion = 10.0.40219.1
Project("{FAE04EC0-301F-11D3-BF4B-00C04F79EFBC}") = "CrudEntityFramework", "CrudEntityFramework\CrudEntityFramework.csproj", "{AE3F266D-074F-4E25-AD42-622792756F49}"
EndProject
Global
	GlobalSection(SolutionConfigurationPlatforms) = preSolution
		Debug|Any CPU = Debug|Any CPU
		Release|Any CPU = Release|Any CPU
	EndGlobalSection
	GlobalSection(ProjectConfigurationPlatforms) = postSolution
		{AE3F266D-074F-4E25-AD42-622792756F49}.Debug|Any CPU.ActiveCfg = Debug|Any CPU
		{AE3F266D-074F-4E25-AD42-622792756F49}.Debug|Any CPU.Build.0 = Debug|Any CPU
		{AE3F266D-074F-4E25-AD42-622792756F49}.Release|Any CPU.ActiveCfg = Release|Any CPU
		{AE3F266D-074F-4E25-AD42-622792756F49}.Release|Any CPU.Build.0 = Release|Any CPU
	EndGlobalSection
	GlobalSection(SolutionProperties) = preSolution
		HideSolutionNode = FALSE
	EndGlobalSection
	GlobalSection(ExtensibilityGlobals) = postSolution
		SolutionGuid = {FC54CD85-48FD-4B75-9615-09619E172EEA}
	EndGlobalSection
EndGlobal
